{
  "name": "micemade-elements",
  "version": "0.6.9",
  "lockfileVersion": 1,
  "requires": true,
  "dependencies": {
    "jquery": {
      "version": "3.3.1",
      "resolved": "https://registry.npmjs.org/jquery/-/jquery-3.3.1.tgz",
      "integrity": "sha512-Ubldcmxp5np52/ENotGxlLe6aGMvmF4R8S6tZjsP6Knsaxd/xp3Zrh50cG93lR6nPXyUFwzN3ZSOQI0wRJNdGg=="
    },
    "smartmenus": {
      "version": "1.1.0",
      "resolved": "https://registry.npmjs.org/smartmenus/-/smartmenus-1.1.0.tgz",
      "integrity": "sha1-GdqMYeAvcUjSFRCn5acM1Uz08cc=",
      "requires": {
        "jquery": "3.3.1"
      }
    }
  }
}
